
Microsoft Visual Studio Solution File, Format Version 12.00
# Visual Studio Version 17
VisualStudioVersion = 17.7.34221.43
MinimumVisualStudioVersion = 10.0.40219.1
Project("{FAE04EC0-301F-11D3-BF4B-00C04F79EFBC}") = "La_Subasta", "La_Subasta.csproj", "{A5274438-EC61-4B68-B352-8E10FC713BC5}"
EndProject
Global
	GlobalSection(SolutionConfigurationPlatforms) = preSolution
		Debug|Any CPU = Debug|Any CPU
		Release|Any CPU = Release|Any CPU
	EndGlobalSection
	GlobalSection(ProjectConfigurationPlatforms) = postSolution
		{A5274438-EC61-4B68-B352-8E10FC713BC5}.Debug|Any CPU.ActiveCfg = Debug|Any CPU
		{A5274438-EC61-4B68-B352-8E10FC713BC5}.Debug|Any CPU.Build.0 = Debug|Any CPU
		{A5274438-EC61-4B68-B352-8E10FC713BC5}.Release|Any CPU.ActiveCfg = Release|Any CPU
		{A5274438-EC61-4B68-B352-8E10FC713BC5}.Release|Any CPU.Build.0 = Release|Any CPU
	EndGlobalSection
	GlobalSection(SolutionProperties) = preSolution
		HideSolutionNode = FALSE
	EndGlobalSection
	GlobalSection(ExtensibilityGlobals) = postSolution
		SolutionGuid = {E30F504D-8C66-4F4A-8B29-5087759FF82C}
	EndGlobalSection
EndGlobal
